// !$*UTF8*$!
{
	archiveVersion = 1;
	classes = {
	};
	objectVersion = 55;
	objects = {

/* Begin PBXBuildFile section */
		CF341E54280DD15600B1C2E2 /* AppDelegate.swift in Sources */ = {isa = PBXBuildFile; fileRef = CF341E53280DD15600B1C2E2 /* AppDelegate.swift */; };
		CF341E56280DD15600B1C2E2 /* SceneDelegate.swift in Sources */ = {isa = PBXBuildFile; fileRef = CF341E55280DD15600B1C2E2 /* SceneDelegate.swift */; };
		CF341E58280DD15600B1C2E2 /* TaskListViewController.swift in Sources */ = {isa = PBXBuildFile; fileRef = CF341E57280DD15600B1C2E2 /* TaskListViewController.swift */; };
		CF341E5E280DD15600B1C2E2 /* CoreDataApp.xcdatamodeld in Sources */ = {isa = PBXBuildFile; fileRef = CF341E5C280DD15600B1C2E2 /* CoreDataApp.xcdatamodeld */; };
		CF341E60280DD15700B1C2E2 /* Assets.xcassets in Resources */ = {isa = PBXBuildFile; fileRef = CF341E5F280DD15700B1C2E2 /* Assets.xcassets */; };
		CF341E63280DD15700B1C2E2 /* LaunchScreen.storyboard in Resources */ = {isa = PBXBuildFile; fileRef = CF341E61280DD15700B1C2E2 /* LaunchScreen.storyboard */; };
		CF341E6B280DD74900B1C2E2 /* TaskViewController.swift in Sources */ = {isa = PBXBuildFile; fileRef = CF341E6A280DD74900B1C2E2 /* TaskViewController.swift */; };
		CFEFADE4280DE0B700A19856 /* StorageManager.swift in Sources */ = {isa = PBXBuildFile; fileRef = CFEFADE3280DE0B700A19856 /* StorageManager.swift */; };
/* End PBXBuildFile section */

/* Begin PBXFileReference section */
		CF341E50280DD15600B1C2E2 /* CoreDataApp.app */ = {isa = PBXFileReference; explicitFileType = wrapper.application; includeInIndex = 0; path = CoreDataApp.app; sourceTree = BUILT_PRODUCTS_DIR; };
		CF341E53280DD15600B1C2E2 /* AppDelegate.swift */ = {isa = PBXFileReference; lastKnownFileType = sourcecode.swift; path = AppDelegate.swift; sourceTree = "<group>"; };
		CF341E55280DD15600B1C2E2 /* SceneDelegate.swift */ = {isa = PBXFileReference; lastKnownFileType = sourcecode.swift; path = SceneDelegate.swift; sourceTree = "<group>"; };
		CF341E57280DD15600B1C2E2 /* TaskListViewController.swift */ = {isa = PBXFileReference; lastKnownFileType = sourcecode.swift; path = TaskListViewController.swift; sourceTree = "<group>"; };
		CF341E5D280DD15600B1C2E2 /* CoreData.xcdatamodel */ = {isa = PBXFileReference; lastKnownFileType = wrapper.xcdatamodel; path = CoreData.xcdatamodel; sourceTree = "<group>"; };
		CF341E5F280DD15700B1C2E2 /* Assets.xcassets */ = {isa = PBXFileReference; lastKnownFileType = folder.assetcatalog; path = Assets.xcassets; sourceTree = "<group>"; };
		CF341E62280DD15700B1C2E2 /* Base */ = {isa = PBXFileReference; lastKnownFileType = file.storyboard; name = Base; path = Base.lproj/LaunchScreen.storyboard; sourceTree = "<group>"; };
		CF341E64280DD15700B1C2E2 /* Info.plist */ = {isa = PBXFileReference; lastKnownFileType = text.plist.xml; path = Info.plist; sourceTree = "<group>"; };
		CF341E6A280DD74900B1C2E2 /* TaskViewController.swift */ = {isa = PBXFileReference; lastKnownFileType = sourcecode.swift; path = TaskViewController.swift; sourceTree = "<group>"; };
		CFEFADE3280DE0B700A19856 /* StorageManager.swift */ = {isa = PBXFileReference; lastKnownFileType = sourcecode.swift; path = StorageManager.swift; sourceTree = "<group>"; };
/* End PBXFileReference section */

/* Begin PBXFrameworksBuildPhase section */
		CF341E4D280DD15600B1C2E2 /* Frameworks */ = {
			isa = PBXFrameworksBuildPhase;
			buildActionMask = 2147483647;
			files = (
			);
			runOnlyForDeploymentPostprocessing = 0;
		};
/* End PBXFrameworksBuildPhase section */

/* Begin PBXGroup section */
		CF341E47280DD15600B1C2E2 = {
			isa = PBXGroup;
			children = (
				CF341E52280DD15600B1C2E2 /* CoreDataApp */,
				CF341E51280DD15600B1C2E2 /* Products */,
			);
			sourceTree = "<group>";
		};
		CF341E51280DD15600B1C2E2 /* Products */ = {
			isa = PBXGroup;
			children = (
				CF341E50280DD15600B1C2E2 /* CoreDataApp.app */,
			);
			name = Products;
			sourceTree = "<group>";
		};
		CF341E52280DD15600B1C2E2 /* CoreDataApp */ = {
			isa = PBXGroup;
			children = (
				CFEFADE7280DE0DF00A19856 /* App */,
				CFEFADE5280DE0C000A19856 /* Services */,
				CFEFADE6280DE0CC00A19856 /* ViewControllers */,
				CF341E64280DD15700B1C2E2 /* Info.plist */,
				CF341E5C280DD15600B1C2E2 /* CoreDataApp.xcdatamodeld */,
			);
			path = CoreDataApp;
			sourceTree = "<group>";
		};
		CFEFADE5280DE0C000A19856 /* Services */ = {
			isa = PBXGroup;
			children = (
				CFEFADE3280DE0B700A19856 /* StorageManager.swift */,
			);
			path = Services;
			sourceTree = "<group>";
		};
		CFEFADE6280DE0CC00A19856 /* ViewControllers */ = {
			isa = PBXGroup;
			children = (
				CF341E57280DD15600B1C2E2 /* TaskListViewController.swift */,
				CF341E6A280DD74900B1C2E2 /* TaskViewController.swift */,
			);
			path = ViewControllers;
			sourceTree = "<group>";
		};
		CFEFADE7280DE0DF00A19856 /* App */ = {
			isa = PBXGroup;
			children = (
				CF341E53280DD15600B1C2E2 /* AppDelegate.swift */,
				CF341E55280DD15600B1C2E2 /* SceneDelegate.swift */,
				CF341E5F280DD15700B1C2E2 /* Assets.xcassets */,
				CF341E61280DD15700B1C2E2 /* LaunchScreen.storyboard */,
			);
			path = App;
			sourceTree = "<group>";
		};
/* End PBXGroup section */

/* Begin PBXNativeTarget section */
		CF341E4F280DD15600B1C2E2 /* CoreDataApp */ = {
			isa = PBXNativeTarget;
			buildConfigurationList = CF341E67280DD15700B1C2E2 /* Build configuration list for PBXNativeTarget "CoreDataApp" */;
			buildPhases = (
				CF341E4C280DD15600B1C2E2 /* Sources */,
				CF341E4D280DD15600B1C2E2 /* Frameworks */,
				CF341E4E280DD15600B1C2E2 /* Resources */,
			);
			buildRules = (
			);
			dependencies = (
			);
			name = CoreDataApp;
			productName = CoreData;
			productReference = CF341E50280DD15600B1C2E2 /* CoreDataApp.app */;
			productType = "com.apple.product-type.application";
		};
/* End PBXNativeTarget section */

/* Begin PBXProject section */
		CF341E48280DD15600B1C2E2 /* Project object */ = {
			isa = PBXProject;
			attributes = {
				BuildIndependentTargetsInParallel = 1;
				LastSwiftUpdateCheck = 1330;
				LastUpgradeCheck = 1330;
				TargetAttributes = {
					CF341E4F280DD15600B1C2E2 = {
						CreatedOnToolsVersion = 13.3.1;
					};
				};
			};
			buildConfigurationList = CF341E4B280DD15600B1C2E2 /* Build configuration list for PBXProject "CoreDataApp" */;
			compatibilityVersion = "Xcode 13.0";
			developmentRegion = en;
			hasScannedForEncodings = 0;
			knownRegions = (
				en,
				Base,
			);
			mainGroup = CF341E47280DD15600B1C2E2;
			productRefGroup = CF341E51280DD15600B1C2E2 /* Products */;
			projectDirPath = "";
			projectRoot = "";
			targets = (
				CF341E4F280DD15600B1C2E2 /* CoreDataApp */,
			);
		};
/* End PBXProject section */

/* Begin PBXResourcesBuildPhase section */
		CF341E4E280DD15600B1C2E2 /* Resources */ = {
			isa = PBXResourcesBuildPhase;
			buildActionMask = 2147483647;
			files = (
				CF341E63280DD15700B1C2E2 /* LaunchScreen.storyboard in Resources */,
				CF341E60280DD15700B1C2E2 /* Assets.xcassets in Resources */,
			);
			runOnlyForDeploymentPostprocessing = 0;
		};
/* End PBXResourcesBuildPhase section */

/* Begin PBXSourcesBuildPhase section */
		CF341E4C280DD15600B1C2E2 /* Sources */ = {
			isa = PBXSourcesBuildPhase;
			buildActionMask = 2147483647;
			files = (
				CF341E5E280DD15600B1C2E2 /* CoreDataApp.xcdatamodeld in Sources */,
				CF341E58280DD15600B1C2E2 /* TaskListViewController.swift in Sources */,
				CF341E6B280DD74900B1C2E2 /* TaskViewController.swift in Sources */,
				CFEFADE4280DE0B700A19856 /* StorageManager.swift in Sources */,
				CF341E54280DD15600B1C2E2 /* AppDelegate.swift in Sources */,
				CF341E56280DD15600B1C2E2 /* SceneDelegate.swift in Sources */,
			);
			runOnlyForDeploymentPostprocessing = 0;
		};
/* End PBXSourcesBuildPhase section */

/* Begin PBXVariantGroup section */
		CF341E61280DD15700B1C2E2 /* LaunchScreen.storyboard */ = {
			isa = PBXVariantGroup;
			children = (
				CF341E62280DD15700B1C2E2 /* Base */,
			);
			name = LaunchScreen.storyboard;
			sourceTree = "<group>";
		};
/* End PBXVariantGroup section */

/* Begin XCBuildConfiguration section */
		CF341E65280DD15700B1C2E2 /* Debug */ = {
			isa = XCBuildConfiguration;
			buildSettings = {
				ALWAYS_SEARCH_USER_PATHS = NO;
				CLANG_ANALYZER_NONNULL = YES;
				CLANG_ANALYZER_NUMBER_OBJECT_CONVERSION = YES_AGGRESSIVE;
				CLANG_CXX_LANGUAGE_STANDARD = "gnu++17";
				CLANG_ENABLE_MODULES = YES;
				CLANG_ENABLE_OBJC_ARC = YES;
				CLANG_ENABLE_OBJC_WEAK = YES;
				CLANG_WARN_BLOCK_CAPTURE_AUTORELEASING = YES;
				CLANG_WARN_BOOL_CONVERSION = YES;
				CLANG_WARN_COMMA = YES;
				CLANG_WARN_CONSTANT_CONVERSION = YES;
				CLANG_WARN_DEPRECATED_OBJC_IMPLEMENTATIONS = YES;
				CLANG_WARN_DIRECT_OBJC_ISA_USAGE = YES_ERROR;
				CLANG_WARN_DOCUMENTATION_COMMENTS = YES;
				CLANG_WARN_EMPTY_BODY = YES;
				CLANG_WARN_ENUM_CONVERSION = YES;
				CLANG_WARN_INFINITE_RECURSION = YES;
				CLANG_WARN_INT_CONVERSION = YES;
				CLANG_WARN_NON_LITERAL_NULL_CONVERSION = YES;
				CLANG_WARN_OBJC_IMPLICIT_RETAIN_SELF = YES;
				CLANG_WARN_OBJC_LITERAL_CONVERSION = YES;
				CLANG_WARN_OBJC_ROOT_CLASS = YES_ERROR;
				CLANG_WARN_QUOTED_INCLUDE_IN_FRAMEWORK_HEADER = YES;
				CLANG_WARN_RANGE_LOOP_ANALYSIS = YES;
				CLANG_WARN_STRICT_PROTOTYPES = YES;
				CLANG_WARN_SUSPICIOUS_MOVE = YES;
				CLANG_WARN_UNGUARDED_AVAILABILITY = YES_AGGRESSIVE;
				CLANG_WARN_UNREACHABLE_CODE = YES;
				CLANG_WARN__DUPLICATE_METHOD_MATCH = YES;
				COPY_PHASE_STRIP = NO;
				DEBUG_INFORMATION_FORMAT = dwarf;
				ENABLE_STRICT_OBJC_MSGSEND = YES;
				ENABLE_TESTABILITY = YES;
				GCC_C_LANGUAGE_STANDARD = gnu11;
				GCC_DYNAMIC_NO_PIC = NO;
				GCC_NO_COMMON_BLOCKS = YES;
				GCC_OPTIMIZATION_LEVEL = 0;
				GCC_PREPROCESSOR_DEFINITIONS = (
					"DEBUG=1",
					"$(inherited)",
				);
				GCC_WARN_64_TO_32_BIT_CONVERSION = YES;
				GCC_WARN_ABOUT_RETURN_TYPE = YES_ERROR;
				GCC_WARN_UNDECLARED_SELECTOR = YES;
				GCC_WARN_UNINITIALIZED_AUTOS = YES_AGGRESSIVE;
				GCC_WARN_UNUSED_FUNCTION = YES;
				GCC_WARN_UNUSED_VARIABLE = YES;
				IPHONEOS_DEPLOYMENT_TARGET = 15.4;
				MTL_ENABLE_DEBUG_INFO = INCLUDE_SOURCE;
				MTL_FAST_MATH = YES;
				ONLY_ACTIVE_ARCH = YES;
				SDKROOT = iphoneos;
				SWIFT_ACTIVE_COMPILATION_CONDITIONS = DEBUG;
				SWIFT_OPTIMIZATION_LEVEL = "-Onone";
			};
			name = Debug;
		};
		CF341E66280DD15700B1C2E2 /* Release */ = {
			isa = XCBuildConfiguration;
			buildSettings = {
				ALWAYS_SEARCH_USER_PATHS = NO;
				CLANG_ANALYZER_NONNULL = YES;
				CLANG_ANALYZER_NUMBER_OBJECT_CONVERSION = YES_AGGRESSIVE;
				CLANG_CXX_LANGUAGE_STANDARD = "gnu++17";
				CLANG_ENABLE_MODULES = YES;
				CLANG_ENABLE_OBJC_ARC = YES;
				CLANG_ENABLE_OBJC_WEAK = YES;
				CLANG_WARN_BLOCK_CAPTURE_AUTORELEASING = YES;
				CLANG_WARN_BOOL_CONVERSION = YES;
				CLANG_WARN_COMMA = YES;
				CLANG_WARN_CONSTANT_CONVERSION = YES;
				CLANG_WARN_DEPRECATED_OBJC_IMPLEMENTATIONS = YES;
				CLANG_WARN_DIRECT_OBJC_ISA_USAGE = YES_ERROR;
				CLANG_WARN_DOCUMENTATION_COMMENTS = YES;
				CLANG_WARN_EMPTY_BODY = YES;
				CLANG_WARN_ENUM_CONVERSION = YES;
				CLANG_WARN_INFINITE_RECURSION = YES;
				CLANG_WARN_INT_CONVERSION = YES;
				CLANG_WARN_NON_LITERAL_NULL_CONVERSION = YES;
				CLANG_WARN_OBJC_IMPLICIT_RETAIN_SELF = YES;
				CLANG_WARN_OBJC_LITERAL_CONVERSION = YES;
				CLANG_WARN_OBJC_ROOT_CLASS = YES_ERROR;
				CLANG_WARN_QUOTED_INCLUDE_IN_FRAMEWORK_HEADER = YES;
				CLANG_WARN_RANGE_LOOP_ANALYSIS = YES;
				CLANG_WARN_STRICT_PROTOTYPES = YES;
				CLANG_WARN_SUSPICIOUS_MOVE = YES;
				CLANG_WARN_UNGUARDED_AVAILABILITY = YES_AGGRESSIVE;
				CLANG_WARN_UNREACHABLE_CODE = YES;
				CLANG_WARN__DUPLICATE_METHOD_MATCH = YES;
				COPY_PHASE_STRIP = NO;
				DEBUG_INFORMATION_FORMAT = "dwarf-with-dsym";
				ENABLE_NS_ASSERTIONS = NO;
				ENABLE_STRICT_OBJC_MSGSEND = YES;
				GCC_C_LANGUAGE_STANDARD = gnu11;
				GCC_NO_COMMON_BLOCKS = YES;
				GCC_WARN_64_TO_32_BIT_CONVERSION = YES;
				GCC_WARN_ABOUT_RETURN_TYPE = YES_ERROR;
				GCC_WARN_UNDECLARED_SELECTOR = YES;
				GCC_WARN_UNINITIALIZED_AUTOS = YES_AGGRESSIVE;
				GCC_WARN_UNUSED_FUNCTION = YES;
				GCC_WARN_UNUSED_VARIABLE = YES;
				IPHONEOS_DEPLOYMENT_TARGET = 15.4;
				MTL_ENABLE_DEBUG_INFO = NO;
				MTL_FAST_MATH = YES;
				SDKROOT = iphoneos;
				SWIFT_COMPILATION_MODE = wholemodule;
				SWIFT_OPTIMIZATION_LEVEL = "-O";
				VALIDATE_PRODUCT = YES;
			};
			name = Release;
		};
		CF341E68280DD15700B1C2E2 /* Debug */ = {
			isa = XCBuildConfiguration;
			buildSettings = {
				ASSETCATALOG_COMPILER_APPICON_NAME = AppIcon;
				ASSETCATALOG_COMPILER_GLOBAL_ACCENT_COLOR_NAME = AccentColor;
				CODE_SIGN_STYLE = Automatic;
				CURRENT_PROJECT_VERSION = 1;
				DEVELOPMENT_TEAM = L7KZPDRX49;
				GENERATE_INFOPLIST_FILE = YES;
				INFOPLIST_FILE = CoreDataApp/Info.plist;
				INFOPLIST_KEY_UIApplicationSupportsIndirectInputEvents = YES;
				INFOPLIST_KEY_UILaunchStoryboardName = LaunchScreen;
				INFOPLIST_KEY_UISupportedInterfaceOrientations_iPad = "UIInterfaceOrientationPortrait UIInterfaceOrientationPortraitUpsideDown UIInterfaceOrientationLandscapeLeft UIInterfaceOrientationLandscapeRight";
				INFOPLIST_KEY_UISupportedInterfaceOrientations_iPhone = "UIInterfaceOrientationPortrait UIInterfaceOrientationLandscapeLeft UIInterfaceOrientationLandscapeRight";
				LD_RUNPATH_SEARCH_PATHS = (
					"$(inherited)",
					"@executable_path/Frameworks",
				);
				MARKETING_VERSION = 1.0;
				PRODUCT_BUNDLE_IDENTIFIER = pmatar.CoreData;
				PRODUCT_NAME = "$(TARGET_NAME)";
				SWIFT_EMIT_LOC_STRINGS = YES;
				SWIFT_VERSION = 5.0;
				TARGETED_DEVICE_FAMILY = 1;
			};
			name = Debug;
		};
		CF341E69280DD15700B1C2E2 /* Release */ = {
			isa = XCBuildConfiguration;
			buildSettings = {
				ASSETCATALOG_COMPILER_APPICON_NAME = AppIcon;
				ASSETCATALOG_COMPILER_GLOBAL_ACCENT_COLOR_NAME = AccentColor;
				CODE_SIGN_STYLE = Automatic;
				CURRENT_PROJECT_VERSION = 1;
				DEVELOPMENT_TEAM = L7KZPDRX49;
				GENERATE_INFOPLIST_FILE = YES;
				INFOPLIST_FILE = CoreDataApp/Info.plist;
				INFOPLIST_KEY_UIApplicationSupportsIndirectInputEvents = YES;
				INFOPLIST_KEY_UILaunchStoryboardName = LaunchScreen;
				INFOPLIST_KEY_UISupportedInterfaceOrientations_iPad = "UIInterfaceOrientationPortrait UIInterfaceOrientationPortraitUpsideDown UIInterfaceOrientationLandscapeLeft UIInterfaceOrientationLandscapeRight";
				INFOPLIST_KEY_UISupportedInterfaceOrientations_iPhone = "UIInterfaceOrientationPortrait UIInterfaceOrientationLandscapeLeft UIInterfaceOrientationLandscapeRight";
				LD_RUNPATH_SEARCH_PATHS = (
					"$(inherited)",
					"@executable_path/Frameworks",
				);
				MARKETING_VERSION = 1.0;
				PRODUCT_BUNDLE_IDENTIFIER = pmatar.CoreData;
				PRODUCT_NAME = "$(TARGET_NAME)";
				SWIFT_EMIT_LOC_STRINGS = YES;
				SWIFT_VERSION = 5.0;
				TARGETED_DEVICE_FAMILY = 1;
			};
			name = Release;
		};
/* End XCBuildConfiguration section */

/* Begin XCConfigurationList section */
		CF341E4B280DD15600B1C2E2 /* Build configuration list for PBXProject "CoreDataApp" */ = {
			isa = XCConfigurationList;
			buildConfigurations = (
				CF341E65280DD15700B1C2E2 /* Debug */,
				CF341E66280DD15700B1C2E2 /* Release */,
			);
			defaultConfigurationIsVisible = 0;
			defaultConfigurationName = Release;
		};
		CF341E67280DD15700B1C2E2 /* Build configuration list for PBXNativeTarget "CoreDataApp" */ = {
			isa = XCConfigurationList;
			buildConfigurations = (
				CF341E68280DD15700B1C2E2 /* Debug */,
				CF341E69280DD15700B1C2E2 /* Release */,
			);
			defaultConfigurationIsVisible = 0;
			defaultConfigurationName = Release;
		};
/* End XCConfigurationList section */

/* Begin XCVersionGroup section */
		CF341E5C280DD15600B1C2E2 /* CoreDataApp.xcdatamodeld */ = {
			isa = XCVersionGroup;
			children = (
				CF341E5D280DD15600B1C2E2 /* CoreData.xcdatamodel */,
			);
			currentVersion = CF341E5D280DD15600B1C2E2 /* CoreData.xcdatamodel */;
			path = CoreDataApp.xcdatamodeld;
			sourceTree = "<group>";
			versionGroupType = wrapper.xcdatamodel;
		};
/* End XCVersionGroup section */
	};
	rootObject = CF341E48280DD15600B1C2E2 /* Project object */;
}
